
Microsoft Visual Studio Solution File, Format Version 12.00
# Visual Studio Version 17
VisualStudioVersion = 17.7.34202.233
MinimumVisualStudioVersion = 10.0.40219.1
Project("{FAE04EC0-301F-11D3-BF4B-00C04F79EFBC}") = "DUWebAssembly.Server", "Server\DUWebAssembly.Server.csproj", "{D8A588B6-0D9B-4678-82B1-D008DE9154AC}"
EndProject
Project("{FAE04EC0-301F-11D3-BF4B-00C04F79EFBC}") = "DUWebAssembly.Client", "Client\DUWebAssembly.Client.csproj", "{4987BB5A-2596-4C73-A462-270A987B0770}"
EndProject
Project("{FAE04EC0-301F-11D3-BF4B-00C04F79EFBC}") = "DUWebAssembly.Shared", "Shared\DUWebAssembly.Shared.csproj", "{EB65D24F-C4CA-4A2F-AFAA-A8EF2A5F5BA1}"
EndProject
Global
	GlobalSection(SolutionConfigurationPlatforms) = preSolution
		Debug|Any CPU = Debug|Any CPU
		Release|Any CPU = Release|Any CPU
	EndGlobalSection
	GlobalSection(ProjectConfigurationPlatforms) = postSolution
		{D8A588B6-0D9B-4678-82B1-D008DE9154AC}.Debug|Any CPU.ActiveCfg = Debug|Any CPU
		{D8A588B6-0D9B-4678-82B1-D008DE9154AC}.Debug|Any CPU.Build.0 = Debug|Any CPU
		{D8A588B6-0D9B-4678-82B1-D008DE9154AC}.Release|Any CPU.ActiveCfg = Release|Any CPU
		{D8A588B6-0D9B-4678-82B1-D008DE9154AC}.Release|Any CPU.Build.0 = Release|Any CPU
		{4987BB5A-2596-4C73-A462-270A987B0770}.Debug|Any CPU.ActiveCfg = Debug|Any CPU
		{4987BB5A-2596-4C73-A462-270A987B0770}.Debug|Any CPU.Build.0 = Debug|Any CPU
		{4987BB5A-2596-4C73-A462-270A987B0770}.Release|Any CPU.ActiveCfg = Release|Any CPU
		{4987BB5A-2596-4C73-A462-270A987B0770}.Release|Any CPU.Build.0 = Release|Any CPU
		{EB65D24F-C4CA-4A2F-AFAA-A8EF2A5F5BA1}.Debug|Any CPU.ActiveCfg = Debug|Any CPU
		{EB65D24F-C4CA-4A2F-AFAA-A8EF2A5F5BA1}.Debug|Any CPU.Build.0 = Debug|Any CPU
		{EB65D24F-C4CA-4A2F-AFAA-A8EF2A5F5BA1}.Release|Any CPU.ActiveCfg = Release|Any CPU
		{EB65D24F-C4CA-4A2F-AFAA-A8EF2A5F5BA1}.Release|Any CPU.Build.0 = Release|Any CPU
	EndGlobalSection
	GlobalSection(SolutionProperties) = preSolution
		HideSolutionNode = FALSE
	EndGlobalSection
	GlobalSection(ExtensibilityGlobals) = postSolution
		SolutionGuid = {41AA3F15-89CE-4878-9F1A-77CBB3BE93F8}
	EndGlobalSection
EndGlobal
